
Microsoft Visual Studio Solution File, Format Version 12.00
# Visual Studio Version 16
VisualStudioVersion = 16.0.30517.126
MinimumVisualStudioVersion = 10.0.40219.1
Project("{8BC9CEB8-8B4A-11D0-8D11-00A0C91BC942}") = "MiniDraw", "MiniDraw\MiniDraw.vcxproj", "{F510A6F1-243A-4F38-9BF6-5FE6AE2F04FC}"
EndProject
Global
	GlobalSection(SolutionConfigurationPlatforms) = preSolution
		Debug|x64 = Debug|x64
		Release|x64 = Release|x64
	EndGlobalSection
	GlobalSection(ProjectConfigurationPlatforms) = postSolution
		{F510A6F1-243A-4F38-9BF6-5FE6AE2F04FC}.Debug|x64.ActiveCfg = Debug|x64
		{F510A6F1-243A-4F38-9BF6-5FE6AE2F04FC}.Debug|x64.Build.0 = Debug|x64
		{F510A6F1-243A-4F38-9BF6-5FE6AE2F04FC}.Release|x64.ActiveCfg = Release|x64
		{F510A6F1-243A-4F38-9BF6-5FE6AE2F04FC}.Release|x64.Build.0 = Release|x64
	EndGlobalSection
	GlobalSection(SolutionProperties) = preSolution
		HideSolutionNode = FALSE
	EndGlobalSection
	GlobalSection(ExtensibilityGlobals) = postSolution
		SolutionGuid = {FA615685-4030-4654-A934-69D3BE75771B}
	EndGlobalSection
EndGlobal
